hash: acd30c50189fdd9cae3e22b048b04c152c1e3ae955baa0b1d99ee213fef4b494
updated: 2019-07-14T19:16:22.5465543+03:00
imports:
- name: github.com/eclipse/paho.mqtt.golang
  version: 696319167975029c23b2356d034b973d8e454c00
  subpackages:
  - packets
- name: github.com/gorilla/websocket
  version: ae1634f6a98965ded3b8789c626cb4e0bd78c3de
- name: golang.org/x/net
  version: da137c7871d730100384dbcf36e6f8fa493aef5b
  subpackages:
  - internal/socks
  - proxy
testImports: []
